
Microsoft Visual Studio Solution File, Format Version 12.00
# Visual Studio Version 17
VisualStudioVersion = 17.5.002.0
MinimumVisualStudioVersion = 10.0.40219.1
Project("{9A19103F-16F7-4668-BE54-9A1E7A4F7556}") = "QuizAppWebApi", "QuizAppWebApi\QuizAppWebApi.csproj", "{D4F107C4-F203-47EA-AF85-77E8A630E5C5}"
EndProject
Project("{FAE04EC0-301F-11D3-BF4B-00C04F79EFBC}") = "QuizApp.Domain", "QuizApp.Domain\QuizApp.Domain.csproj", "{9AC6272C-1D3B-448B-93C8-1FBA22349369}"
EndProject
Project("{FAE04EC0-301F-11D3-BF4B-00C04F79EFBC}") = "QuizApp.Repository", "QuizApp.Repository\QuizApp.Repository.csproj", "{0FC02C78-56EC-4D7F-AE2D-BF38C3CFC563}"
EndProject
Project("{FAE04EC0-301F-11D3-BF4B-00C04F79EFBC}") = "QuizApp.Services", "QuizApp.Services\QuizApp.Services.csproj", "{9915109F-9505-441D-AAB4-21E53D831C66}"
EndProject
Global
	GlobalSection(SolutionConfigurationPlatforms) = preSolution
		Debug|Any CPU = Debug|Any CPU
		Release|Any CPU = Release|Any CPU
	EndGlobalSection
	GlobalSection(ProjectConfigurationPlatforms) = postSolution
		{D4F107C4-F203-47EA-AF85-77E8A630E5C5}.Debug|Any CPU.ActiveCfg = Debug|Any CPU
		{D4F107C4-F203-47EA-AF85-77E8A630E5C5}.Debug|Any CPU.Build.0 = Debug|Any CPU
		{D4F107C4-F203-47EA-AF85-77E8A630E5C5}.Release|Any CPU.ActiveCfg = Release|Any CPU
		{D4F107C4-F203-47EA-AF85-77E8A630E5C5}.Release|Any CPU.Build.0 = Release|Any CPU
		{9AC6272C-1D3B-448B-93C8-1FBA22349369}.Debug|Any CPU.ActiveCfg = Debug|Any CPU
		{9AC6272C-1D3B-448B-93C8-1FBA22349369}.Debug|Any CPU.Build.0 = Debug|Any CPU
		{9AC6272C-1D3B-448B-93C8-1FBA22349369}.Release|Any CPU.ActiveCfg = Release|Any CPU
		{9AC6272C-1D3B-448B-93C8-1FBA22349369}.Release|Any CPU.Build.0 = Release|Any CPU
		{0FC02C78-56EC-4D7F-AE2D-BF38C3CFC563}.Debug|Any CPU.ActiveCfg = Debug|Any CPU
		{0FC02C78-56EC-4D7F-AE2D-BF38C3CFC563}.Debug|Any CPU.Build.0 = Debug|Any CPU
		{0FC02C78-56EC-4D7F-AE2D-BF38C3CFC563}.Release|Any CPU.ActiveCfg = Release|Any CPU
		{0FC02C78-56EC-4D7F-AE2D-BF38C3CFC563}.Release|Any CPU.Build.0 = Release|Any CPU
		{9915109F-9505-441D-AAB4-21E53D831C66}.Debug|Any CPU.ActiveCfg = Debug|Any CPU
		{9915109F-9505-441D-AAB4-21E53D831C66}.Debug|Any CPU.Build.0 = Debug|Any CPU
		{9915109F-9505-441D-AAB4-21E53D831C66}.Release|Any CPU.ActiveCfg = Release|Any CPU
		{9915109F-9505-441D-AAB4-21E53D831C66}.Release|Any CPU.Build.0 = Release|Any CPU
	EndGlobalSection
	GlobalSection(SolutionProperties) = preSolution
		HideSolutionNode = FALSE
	EndGlobalSection
	GlobalSection(ExtensibilityGlobals) = postSolution
		SolutionGuid = {79C9FA4C-0755-4064-A1EF-00032601D333}
	EndGlobalSection
EndGlobal
